
Microsoft Visual Studio Solution File, Format Version 12.00
# Visual Studio Version 17
VisualStudioVersion = 17.3.32825.248
MinimumVisualStudioVersion = 10.0.40219.1
Project("{FAE04EC0-301F-11D3-BF4B-00C04F79EFBC}") = "QingYunSoft", "QingYunSoft.csproj", "{5E1743CB-A77C-4372-A450-5377ACD62260}"
EndProject
Global
	GlobalSection(SolutionConfigurationPlatforms) = preSolution
		Debug|Any CPU = Debug|Any CPU
		Release|Any CPU = Release|Any CPU
	EndGlobalSection
	GlobalSection(ProjectConfigurationPlatforms) = postSolution
		{5E1743CB-A77C-4372-A450-5377ACD62260}.Debug|Any CPU.ActiveCfg = Debug|Any CPU
		{5E1743CB-A77C-4372-A450-5377ACD62260}.Debug|Any CPU.Build.0 = Debug|Any CPU
		{5E1743CB-A77C-4372-A450-5377ACD62260}.Release|Any CPU.ActiveCfg = Release|Any CPU
		{5E1743CB-A77C-4372-A450-5377ACD62260}.Release|Any CPU.Build.0 = Release|Any CPU
	EndGlobalSection
	GlobalSection(SolutionProperties) = preSolution
		HideSolutionNode = FALSE
	EndGlobalSection
	GlobalSection(ExtensibilityGlobals) = postSolution
		SolutionGuid = {85D4803A-7AD6-4327-880C-BD8F4075157E}
	EndGlobalSection
EndGlobal
